// !$*UTF8*$!
{
	archiveVersion = 1;
	classes = {
	};
	objectVersion = 46;
	objects = {

/* Begin PBXBuildFile section */
		2D5C30421E33BC2600205313 /* Main.storyboard in Resources */ = {isa = PBXBuildFile; fileRef = 2D5C30411E33BC2600205313 /* Main.storyboard */; };
		2D5C30441E33C97200205313 /* NewEventViewController.swift in Sources */ = {isa = PBXBuildFile; fileRef = 2D5C30431E33C97200205313 /* NewEventViewController.swift */; };
		2D5C304B1E33EDE700205313 /* EventFormViewController.swift in Sources */ = {isa = PBXBuildFile; fileRef = 2D5C304A1E33EDE700205313 /* EventFormViewController.swift */; };
		2D6C8F511E336E1500A6A21C /* AppDelegate.swift in Sources */ = {isa = PBXBuildFile; fileRef = 2D6C8F501E336E1500A6A21C /* AppDelegate.swift */; };
		2D6C8F531E336E1500A6A21C /* SignInViewController.swift in Sources */ = {isa = PBXBuildFile; fileRef = 2D6C8F521E336E1500A6A21C /* SignInViewController.swift */; };
		2D6C8F581E336E1500A6A21C /* Assets.xcassets in Resources */ = {isa = PBXBuildFile; fileRef = 2D6C8F571E336E1500A6A21C /* Assets.xcassets */; };
		2D6C8F5B1E336E1500A6A21C /* LaunchScreen.storyboard in Resources */ = {isa = PBXBuildFile; fileRef = 2D6C8F591E336E1500A6A21C /* LaunchScreen.storyboard */; };
		2D6C8F631E336F6B00A6A21C /* GoogleService-Info.plist in Resources */ = {isa = PBXBuildFile; fileRef = 2D6C8F621E336F6B00A6A21C /* GoogleService-Info.plist */; };
		2D6C8F651E337A7600A6A21C /* SignUpViewController.swift in Sources */ = {isa = PBXBuildFile; fileRef = 2D6C8F641E337A7600A6A21C /* SignUpViewController.swift */; };
		2D6C8F671E337A9300A6A21C /* HomeTableViewController.swift in Sources */ = {isa = PBXBuildFile; fileRef = 2D6C8F661E337A9300A6A21C /* HomeTableViewController.swift */; };
		8C5498F842DF5781E44447C7 /* Pods_Converge.framework in Frameworks */ = {isa = PBXBuildFile; fileRef = 0DC2DCA6BE870EE72BDD7654 /* Pods_Converge.framework */; };
/* End PBXBuildFile section */

/* Begin PBXFileReference section */
		0DC2DCA6BE870EE72BDD7654 /* Pods_Converge.framework */ = {isa = PBXFileReference; explicitFileType = wrapper.framework; includeInIndex = 0; path = Pods_Converge.framework; sourceTree = BUILT_PRODUCTS_DIR; };
		173C0C86B6108482CA287C9A /* Pods-Converge.debug.xcconfig */ = {isa = PBXFileReference; includeInIndex = 1; lastKnownFileType = text.xcconfig; name = "Pods-Converge.debug.xcconfig"; path = "Pods/Target Support Files/Pods-Converge/Pods-Converge.debug.xcconfig"; sourceTree = "<group>"; };
		2D5C30411E33BC2600205313 /* Main.storyboard */ = {isa = PBXFileReference; fileEncoding = 4; lastKnownFileType = file.storyboard; path = Main.storyboard; sourceTree = "<group>"; };
		2D5C30431E33C97200205313 /* NewEventViewController.swift */ = {isa = PBXFileReference; fileEncoding = 4; lastKnownFileType = sourcecode.swift; path = NewEventViewController.swift; sourceTree = "<group>"; };
		2D5C304A1E33EDE700205313 /* EventFormViewController.swift */ = {isa = PBXFileReference; fileEncoding = 4; lastKnownFileType = sourcecode.swift; path = EventFormViewController.swift; sourceTree = "<group>"; };
		2D6C8F4D1E336E1500A6A21C /* Converge.app */ = {isa = PBXFileReference; explicitFileType = wrapper.application; includeInIndex = 0; path = Converge.app; sourceTree = BUILT_PRODUCTS_DIR; };
		2D6C8F501E336E1500A6A21C /* AppDelegate.swift */ = {isa = PBXFileReference; lastKnownFileType = sourcecode.swift; path = AppDelegate.swift; sourceTree = "<group>"; };
		2D6C8F521E336E1500A6A21C /* SignInViewController.swift */ = {isa = PBXFileReference; lastKnownFileType = sourcecode.swift; path = SignInViewController.swift; sourceTree = "<group>"; };
		2D6C8F571E336E1500A6A21C /* Assets.xcassets */ = {isa = PBXFileReference; lastKnownFileType = folder.assetcatalog; path = Assets.xcassets; sourceTree = "<group>"; };
		2D6C8F5A1E336E1500A6A21C /* Base */ = {isa = PBXFileReference; lastKnownFileType = file.storyboard; name = Base; path = Base.lproj/LaunchScreen.storyboard; sourceTree = "<group>"; };
		2D6C8F5C1E336E1500A6A21C /* Info.plist */ = {isa = PBXFileReference; lastKnownFileType = text.plist.xml; path = Info.plist; sourceTree = "<group>"; };
		2D6C8F621E336F6B00A6A21C /* GoogleService-Info.plist */ = {isa = PBXFileReference; fileEncoding = 4; lastKnownFileType = text.plist.xml; path = "GoogleService-Info.plist"; sourceTree = "<group>"; };
		2D6C8F641E337A7600A6A21C /* SignUpViewController.swift */ = {isa = PBXFileReference; fileEncoding = 4; lastKnownFileType = sourcecode.swift; path = SignUpViewController.swift; sourceTree = "<group>"; };
		2D6C8F661E337A9300A6A21C /* HomeTableViewController.swift */ = {isa = PBXFileReference; fileEncoding = 4; lastKnownFileType = sourcecode.swift; path = HomeTableViewController.swift; sourceTree = "<group>"; };
		E476596F3D0FCFDC53838A10 /* Pods-Converge.release.xcconfig */ = {isa = PBXFileReference; includeInIndex = 1; lastKnownFileType = text.xcconfig; name = "Pods-Converge.release.xcconfig"; path = "Pods/Target Support Files/Pods-Converge/Pods-Converge.release.xcconfig"; sourceTree = "<group>"; };
/* End PBXFileReference section */

/* Begin PBXFrameworksBuildPhase section */
		2D6C8F4A1E336E1500A6A21C /* Frameworks */ = {
			isa = PBXFrameworksBuildPhase;
			buildActionMask = 2147483647;
			files = (
				8C5498F842DF5781E44447C7 /* Pods_Converge.framework in Frameworks */,
			);
			runOnlyForDeploymentPostprocessing = 0;
		};
/* End PBXFrameworksBuildPhase section */

/* Begin PBXGroup section */
		28D1D8FB2647B01EFDA14AC9 /* Pods */ = {
			isa = PBXGroup;
			children = (
				173C0C86B6108482CA287C9A /* Pods-Converge.debug.xcconfig */,
				E476596F3D0FCFDC53838A10 /* Pods-Converge.release.xcconfig */,
			);
			name = Pods;
			sourceTree = "<group>";
		};
		2D5C30451E33DAEC00205313 /* Structs */ = {
			isa = PBXGroup;
			children = (
			);
			name = Structs;
			sourceTree = "<group>";
		};
		2D6C8F441E336E1500A6A21C = {
			isa = PBXGroup;
			children = (
				2D6C8F4F1E336E1500A6A21C /* Converge */,
				2D6C8F4E1E336E1500A6A21C /* Products */,
				28D1D8FB2647B01EFDA14AC9 /* Pods */,
				C681E747E28DF9BA249EF8FE /* Frameworks */,
			);
			sourceTree = "<group>";
		};
		2D6C8F4E1E336E1500A6A21C /* Products */ = {
			isa = PBXGroup;
			children = (
				2D6C8F4D1E336E1500A6A21C /* Converge.app */,
			);
			name = Products;
			sourceTree = "<group>";
		};
		2D6C8F4F1E336E1500A6A21C /* Converge */ = {
			isa = PBXGroup;
			children = (
				2D5C30451E33DAEC00205313 /* Structs */,
				2D6C8F501E336E1500A6A21C /* AppDelegate.swift */,
				2D6C8F521E336E1500A6A21C /* SignInViewController.swift */,
				2D6C8F641E337A7600A6A21C /* SignUpViewController.swift */,
				2D6C8F661E337A9300A6A21C /* HomeTableViewController.swift */,
				2D5C30431E33C97200205313 /* NewEventViewController.swift */,
				2D5C304A1E33EDE700205313 /* EventFormViewController.swift */,
				2D5C30411E33BC2600205313 /* Main.storyboard */,
				2D6C8F571E336E1500A6A21C /* Assets.xcassets */,
				2D6C8F591E336E1500A6A21C /* LaunchScreen.storyboard */,
				2D6C8F5C1E336E1500A6A21C /* Info.plist */,
				2D6C8F621E336F6B00A6A21C /* GoogleService-Info.plist */,
			);
			path = Converge;
			sourceTree = "<group>";
		};
		C681E747E28DF9BA249EF8FE /* Frameworks */ = {
			isa = PBXGroup;
			children = (
				0DC2DCA6BE870EE72BDD7654 /* Pods_Converge.framework */,
			);
			name = Frameworks;
			sourceTree = "<group>";
		};
/* End PBXGroup section */

/* Begin PBXNativeTarget section */
		2D6C8F4C1E336E1500A6A21C /* Converge */ = {
			isa = PBXNativeTarget;
			buildConfigurationList = 2D6C8F5F1E336E1500A6A21C /* Build configuration list for PBXNativeTarget "Converge" */;
			buildPhases = (
				E566D71FECA1671D8826D2E2 /* [CP] Check Pods Manifest.lock */,
				2D6C8F491E336E1500A6A21C /* Sources */,
				2D6C8F4A1E336E1500A6A21C /* Frameworks */,
				2D6C8F4B1E336E1500A6A21C /* Resources */,
				A6D91D4EEFA35528359E45FB /* [CP] Embed Pods Frameworks */,
				FA6D93F8110A08B124011787 /* [CP] Copy Pods Resources */,
			);
			buildRules = (
			);
			dependencies = (
			);
			name = Converge;
			productName = Converge;
			productReference = 2D6C8F4D1E336E1500A6A21C /* Converge.app */;
			productType = "com.apple.product-type.application";
		};
/* End PBXNativeTarget section */

/* Begin PBXProject section */
		2D6C8F451E336E1500A6A21C /* Project object */ = {
			isa = PBXProject;
			attributes = {
				LastSwiftUpdateCheck = 0820;
				LastUpgradeCheck = 0820;
				ORGANIZATIONNAME = "Nicholas Ionata";
				TargetAttributes = {
					2D6C8F4C1E336E1500A6A21C = {
						CreatedOnToolsVersion = 8.2.1;
						DevelopmentTeam = FWMGJY73A9;
						ProvisioningStyle = Automatic;
					};
				};
			};
			buildConfigurationList = 2D6C8F481E336E1500A6A21C /* Build configuration list for PBXProject "Converge" */;
			compatibilityVersion = "Xcode 3.2";
			developmentRegion = English;
			hasScannedForEncodings = 0;
			knownRegions = (
				en,
				Base,
			);
			mainGroup = 2D6C8F441E336E1500A6A21C;
			productRefGroup = 2D6C8F4E1E336E1500A6A21C /* Products */;
			projectDirPath = "";
			projectRoot = "";
			targets = (
				2D6C8F4C1E336E1500A6A21C /* Converge */,
			);
		};
/* End PBXProject section */

/* Begin PBXResourcesBuildPhase section */
		2D6C8F4B1E336E1500A6A21C /* Resources */ = {
			isa = PBXResourcesBuildPhase;
			buildActionMask = 2147483647;
			files = (
				2D6C8F5B1E336E1500A6A21C /* LaunchScreen.storyboard in Resources */,
				2D6C8F631E336F6B00A6A21C /* GoogleService-Info.plist in Resources */,
				2D6C8F581E336E1500A6A21C /* Assets.xcassets in Resources */,
				2D5C30421E33BC2600205313 /* Main.storyboard in Resources */,
			);
			runOnlyForDeploymentPostprocessing = 0;
		};
/* End PBXResourcesBuildPhase section */

/* Begin PBXShellScriptBuildPhase section */
		A6D91D4EEFA35528359E45FB /* [CP] Embed Pods Frameworks */ = {
			isa = PBXShellScriptBuildPhase;
			buildActionMask = 2147483647;
			files = (
			);
			inputPaths = (
			);
			name = "[CP] Embed Pods Frameworks";
			outputPaths = (
			);
			runOnlyForDeploymentPostprocessing = 0;
			shellPath = /bin/sh;
			shellScript = "\"${SRCROOT}/Pods/Target Support Files/Pods-Converge/Pods-Converge-frameworks.sh\"\n";
			showEnvVarsInLog = 0;
		};
		E566D71FECA1671D8826D2E2 /* [CP] Check Pods Manifest.lock */ = {
			isa = PBXShellScriptBuildPhase;
			buildActionMask = 2147483647;
			files = (
			);
			inputPaths = (
			);
			name = "[CP] Check Pods Manifest.lock";
			outputPaths = (
			);
			runOnlyForDeploymentPostprocessing = 0;
			shellPath = /bin/sh;
			shellScript = "diff \"${PODS_ROOT}/../Podfile.lock\" \"${PODS_ROOT}/Manifest.lock\" > /dev/null\nif [ $? != 0 ] ; then\n    # print error to STDERR\n    echo \"error: The sandbox is not in sync with the Podfile.lock. Run 'pod install' or update your CocoaPods installation.\" >&2\n    exit 1\nfi\n";
			showEnvVarsInLog = 0;
		};
		FA6D93F8110A08B124011787 /* [CP] Copy Pods Resources */ = {
			isa = PBXShellScriptBuildPhase;
			buildActionMask = 2147483647;
			files = (
			);
			inputPaths = (
			);
			name = "[CP] Copy Pods Resources";
			outputPaths = (
			);
			runOnlyForDeploymentPostprocessing = 0;
			shellPath = /bin/sh;
			shellScript = "\"${SRCROOT}/Pods/Target Support Files/Pods-Converge/Pods-Converge-resources.sh\"\n";
			showEnvVarsInLog = 0;
		};
/* End PBXShellScriptBuildPhase section */

/* Begin PBXSourcesBuildPhase section */
		2D6C8F491E336E1500A6A21C /* Sources */ = {
			isa = PBXSourcesBuildPhase;
			buildActionMask = 2147483647;
			files = (
				2D6C8F671E337A9300A6A21C /* HomeTableViewController.swift in Sources */,
				2D6C8F651E337A7600A6A21C /* SignUpViewController.swift in Sources */,
				2D5C30441E33C97200205313 /* NewEventViewController.swift in Sources */,
				2D5C304B1E33EDE700205313 /* EventFormViewController.swift in Sources */,
				2D6C8F531E336E1500A6A21C /* SignInViewController.swift in Sources */,
				2D6C8F511E336E1500A6A21C /* AppDelegate.swift in Sources */,
			);
			runOnlyForDeploymentPostprocessing = 0;
		};
/* End PBXSourcesBuildPhase section */

/* Begin PBXVariantGroup section */
		2D6C8F591E336E1500A6A21C /* LaunchScreen.storyboard */ = {
			isa = PBXVariantGroup;
			children = (
				2D6C8F5A1E336E1500A6A21C /* Base */,
			);
			name = LaunchScreen.storyboard;
			sourceTree = "<group>";
		};
/* End PBXVariantGroup section */

/* Begin XCBuildConfiguration section */
		2D6C8F5D1E336E1500A6A21C /* Debug */ = {
			isa = XCBuildConfiguration;
			buildSettings = {
				ALWAYS_SEARCH_USER_PATHS = NO;
				CLANG_ANALYZER_NONNULL = YES;
				CLANG_CXX_LANGUAGE_STANDARD = "gnu++0x";
				CLANG_CXX_LIBRARY = "libc++";
				CLANG_ENABLE_MODULES = YES;
				CLANG_ENABLE_OBJC_ARC = YES;
				CLANG_WARN_BOOL_CONVERSION = YES;
				CLANG_WARN_CONSTANT_CONVERSION = YES;
				CLANG_WARN_DIRECT_OBJC_ISA_USAGE = YES_ERROR;
				CLANG_WARN_DOCUMENTATION_COMMENTS = YES;
				CLANG_WARN_EMPTY_BODY = YES;
				CLANG_WARN_ENUM_CONVERSION = YES;
				CLANG_WARN_INFINITE_RECURSION = YES;
				CLANG_WARN_INT_CONVERSION = YES;
				CLANG_WARN_OBJC_ROOT_CLASS = YES_ERROR;
				CLANG_WARN_SUSPICIOUS_MOVE = YES;
				CLANG_WARN_UNREACHABLE_CODE = YES;
				CLANG_WARN__DUPLICATE_METHOD_MATCH = YES;
				"CODE_SIGN_IDENTITY[sdk=iphoneos*]" = "iPhone Developer";
				COPY_PHASE_STRIP = NO;
				DEBUG_INFORMATION_FORMAT = dwarf;
				ENABLE_STRICT_OBJC_MSGSEND = YES;
				ENABLE_TESTABILITY = YES;
				GCC_C_LANGUAGE_STANDARD = gnu99;
				GCC_DYNAMIC_NO_PIC = NO;
				GCC_NO_COMMON_BLOCKS = YES;
				GCC_OPTIMIZATION_LEVEL = 0;
				GCC_PREPROCESSOR_DEFINITIONS = (
					"DEBUG=1",
					"$(inherited)",
				);
				GCC_WARN_64_TO_32_BIT_CONVERSION = YES;
				GCC_WARN_ABOUT_RETURN_TYPE = YES_ERROR;
				GCC_WARN_UNDECLARED_SELECTOR = YES;
				GCC_WARN_UNINITIALIZED_AUTOS = YES_AGGRESSIVE;
				GCC_WARN_UNUSED_FUNCTION = YES;
				GCC_WARN_UNUSED_VARIABLE = YES;
				IPHONEOS_DEPLOYMENT_TARGET = 10.2;
				MTL_ENABLE_DEBUG_INFO = YES;
				ONLY_ACTIVE_ARCH = YES;
				SDKROOT = iphoneos;
				SWIFT_ACTIVE_COMPILATION_CONDITIONS = DEBUG;
				SWIFT_OPTIMIZATION_LEVEL = "-Onone";
				TARGETED_DEVICE_FAMILY = "1,2";
			};
			name = Debug;
		};
		2D6C8F5E1E336E1500A6A21C /* Release */ = {
			isa = XCBuildConfiguration;
			buildSettings = {
				ALWAYS_SEARCH_USER_PATHS = NO;
				CLANG_ANALYZER_NONNULL = YES;
				CLANG_CXX_LANGUAGE_STANDARD = "gnu++0x";
				CLANG_CXX_LIBRARY = "libc++";
				CLANG_ENABLE_MODULES = YES;
				CLANG_ENABLE_OBJC_ARC = YES;
				CLANG_WARN_BOOL_CONVERSION = YES;
				CLANG_WARN_CONSTANT_CONVERSION = YES;
				CLANG_WARN_DIRECT_OBJC_ISA_USAGE = YES_ERROR;
				CLANG_WARN_DOCUMENTATION_COMMENTS = YES;
				CLANG_WARN_EMPTY_BODY = YES;
				CLANG_WARN_ENUM_CONVERSION = YES;
				CLANG_WARN_INFINITE_RECURSION = YES;
				CLANG_WARN_INT_CONVERSION = YES;
				CLANG_WARN_OBJC_ROOT_CLASS = YES_ERROR;
				CLANG_WARN_SUSPICIOUS_MOVE = YES;
				CLANG_WARN_UNREACHABLE_CODE = YES;
				CLANG_WARN__DUPLICATE_METHOD_MATCH = YES;
				"CODE_SIGN_IDENTITY[sdk=iphoneos*]" = "iPhone Developer";
				COPY_PHASE_STRIP = NO;
				DEBUG_INFORMATION_FORMAT = "dwarf-with-dsym";
				ENABLE_NS_ASSERTIONS = NO;
				ENABLE_STRICT_OBJC_MSGSEND = YES;
				GCC_C_LANGUAGE_STANDARD = gnu99;
				GCC_NO_COMMON_BLOCKS = YES;
				GCC_WARN_64_TO_32_BIT_CONVERSION = YES;
				GCC_WARN_ABOUT_RETURN_TYPE = YES_ERROR;
				GCC_WARN_UNDECLARED_SELECTOR = YES;
				GCC_WARN_UNINITIALIZED_AUTOS = YES_AGGRESSIVE;
				GCC_WARN_UNUSED_FUNCTION = YES;
				GCC_WARN_UNUSED_VARIABLE = YES;
				IPHONEOS_DEPLOYMENT_TARGET = 10.2;
				MTL_ENABLE_DEBUG_INFO = NO;
				SDKROOT = iphoneos;
				SWIFT_OPTIMIZATION_LEVEL = "-Owholemodule";
				TARGETED_DEVICE_FAMILY = "1,2";
				VALIDATE_PRODUCT = YES;
			};
			name = Release;
		};
		2D6C8F601E336E1500A6A21C /* Debug */ = {
			isa = XCBuildConfiguration;
			baseConfigurationReference = 173C0C86B6108482CA287C9A /* Pods-Converge.debug.xcconfig */;
			buildSettings = {
				ASSETCATALOG_COMPILER_APPICON_NAME = AppIcon;
				DEVELOPMENT_TEAM = FWMGJY73A9;
				INFOPLIST_FILE = Converge/Info.plist;
				LD_RUNPATH_SEARCH_PATHS = "$(inherited) @executable_path/Frameworks";
				PRODUCT_BUNDLE_IDENTIFIER = com.nicholasionata.Converge;
				PRODUCT_NAME = "$(TARGET_NAME)";
				SWIFT_VERSION = 3.0;
			};
			name = Debug;
		};
		2D6C8F611E336E1500A6A21C /* Release */ = {
			isa = XCBuildConfiguration;
			baseConfigurationReference = E476596F3D0FCFDC53838A10 /* Pods-Converge.release.xcconfig */;
			buildSettings = {
				ASSETCATALOG_COMPILER_APPICON_NAME = AppIcon;
				DEVELOPMENT_TEAM = FWMGJY73A9;
				INFOPLIST_FILE = Converge/Info.plist;
				LD_RUNPATH_SEARCH_PATHS = "$(inherited) @executable_path/Frameworks";
				PRODUCT_BUNDLE_IDENTIFIER = com.nicholasionata.Converge;
				PRODUCT_NAME = "$(TARGET_NAME)";
				SWIFT_VERSION = 3.0;
			};
			name = Release;
		};
/* End XCBuildConfiguration section */

/* Begin XCConfigurationList section */
		2D6C8F481E336E1500A6A21C /* Build configuration list for PBXProject "Converge" */ = {
			isa = XCConfigurationList;
			buildConfigurations = (
				2D6C8F5D1E336E1500A6A21C /* Debug */,
				2D6C8F5E1E336E1500A6A21C /* Release */,
			);
			defaultConfigurationIsVisible = 0;
			defaultConfigurationName = Release;
		};
		2D6C8F5F1E336E1500A6A21C /* Build configuration list for PBXNativeTarget "Converge" */ = {
			isa = XCConfigurationList;
			buildConfigurations = (
				2D6C8F601E336E1500A6A21C /* Debug */,
				2D6C8F611E336E1500A6A21C /* Release */,
			);
			defaultConfigurationIsVisible = 0;
			defaultConfigurationName = Release;
		};
/* End XCConfigurationList section */
	};
	rootObject = 2D6C8F451E336E1500A6A21C /* Project object */;
}
